
Microsoft Visual Studio Solution File, Format Version 12.00
# Visual Studio 2013
VisualStudioVersion = 12.0.31101.0
MinimumVisualStudioVersion = 10.0.40219.1
Project("{FAE04EC0-301F-11D3-BF4B-00C04F79EFBC}") = "DiceLib", "DiceLib\DiceLib.csproj", "{AB0E27AC-FFE5-40EB-A9E1-9B904B4BC1A3}"
EndProject
Project("{FAE04EC0-301F-11D3-BF4B-00C04F79EFBC}") = "DiceLibTests", "DiceLibTests\DiceLibTests.csproj", "{2386A57C-34AA-42FF-8893-078D69C42042}"
EndProject
Global
	GlobalSection(SolutionConfigurationPlatforms) = preSolution
		Debug|Any CPU = Debug|Any CPU
		Release|Any CPU = Release|Any CPU
	EndGlobalSection
	GlobalSection(ProjectConfigurationPlatforms) = postSolution
		{AB0E27AC-FFE5-40EB-A9E1-9B904B4BC1A3}.Debug|Any CPU.ActiveCfg = Debug|Any CPU
		{AB0E27AC-FFE5-40EB-A9E1-9B904B4BC1A3}.Debug|Any CPU.Build.0 = Debug|Any CPU
		{AB0E27AC-FFE5-40EB-A9E1-9B904B4BC1A3}.Release|Any CPU.ActiveCfg = Release|Any CPU
		{AB0E27AC-FFE5-40EB-A9E1-9B904B4BC1A3}.Release|Any CPU.Build.0 = Release|Any CPU
		{2386A57C-34AA-42FF-8893-078D69C42042}.Debug|Any CPU.ActiveCfg = Debug|Any CPU
		{2386A57C-34AA-42FF-8893-078D69C42042}.Debug|Any CPU.Build.0 = Debug|Any CPU
		{2386A57C-34AA-42FF-8893-078D69C42042}.Release|Any CPU.ActiveCfg = Release|Any CPU
		{2386A57C-34AA-42FF-8893-078D69C42042}.Release|Any CPU.Build.0 = Release|Any CPU
	EndGlobalSection
	GlobalSection(SolutionProperties) = preSolution
		HideSolutionNode = FALSE
	EndGlobalSection
EndGlobal
